
Microsoft Visual Studio Solution File, Format Version 12.00
# Visual Studio Version 16
VisualStudioVersion = 16.0.31702.278
MinimumVisualStudioVersion = 10.0.40219.1
Project("{FAE04EC0-301F-11D3-BF4B-00C04F79EFBC}") = "NetScanner", "NetScanner\NetScanner.csproj", "{F28B1B21-4C36-4FB7-BD78-388E2C4624BF}"
EndProject
Global
	GlobalSection(SolutionConfigurationPlatforms) = preSolution
		Debug|Any CPU = Debug|Any CPU
		Release|Any CPU = Release|Any CPU
	EndGlobalSection
	GlobalSection(ProjectConfigurationPlatforms) = postSolution
		{F28B1B21-4C36-4FB7-BD78-388E2C4624BF}.Debug|Any CPU.ActiveCfg = Debug|Any CPU
		{F28B1B21-4C36-4FB7-BD78-388E2C4624BF}.Debug|Any CPU.Build.0 = Debug|Any CPU
		{F28B1B21-4C36-4FB7-BD78-388E2C4624BF}.Release|Any CPU.ActiveCfg = Release|Any CPU
		{F28B1B21-4C36-4FB7-BD78-388E2C4624BF}.Release|Any CPU.Build.0 = Release|Any CPU
	EndGlobalSection
	GlobalSection(SolutionProperties) = preSolution
		HideSolutionNode = FALSE
	EndGlobalSection
	GlobalSection(ExtensibilityGlobals) = postSolution
		SolutionGuid = {132427E3-13DD-458D-B271-6BA4473D4C2D}
	EndGlobalSection
EndGlobal
